// !$*UTF8*$!
{
	archiveVersion = 1;
	classes = {
	};
	objectVersion = 50;
	objects = {

/* Begin PBXBuildFile section */
		76C8A1EC273FFDD50054A96E /* AppDelegate.m in Sources */ = {isa = PBXBuildFile; fileRef = 76C8A1EB273FFDD50054A96E /* AppDelegate.m */; };
		76C8A1EF273FFDD50054A96E /* ViewController.m in Sources */ = {isa = PBXBuildFile; fileRef = 76C8A1EE273FFDD50054A96E /* ViewController.m */; };
		76C8A1F1273FFDD70054A96E /* Assets.xcassets in Resources */ = {isa = PBXBuildFile; fileRef = 76C8A1F0273FFDD70054A96E /* Assets.xcassets */; };
		76C8A1F4273FFDD70054A96E /* Main.storyboard in Resources */ = {isa = PBXBuildFile; fileRef = 76C8A1F2273FFDD70054A96E /* Main.storyboard */; };
		76C8A1F7273FFDD70054A96E /* main.m in Sources */ = {isa = PBXBuildFile; fileRef = 76C8A1F6273FFDD70054A96E /* main.m */; };
		76C8A202273FFDD70054A96E /* openglTestUITests.m in Sources */ = {isa = PBXBuildFile; fileRef = 76C8A201273FFDD70054A96E /* openglTestUITests.m */; };
/* End PBXBuildFile section */

/* Begin PBXContainerItemProxy section */
		76C8A1FE273FFDD70054A96E /* PBXContainerItemProxy */ = {
			isa = PBXContainerItemProxy;
			containerPortal = 76C8A1DF273FFDD40054A96E /* Project object */;
			proxyType = 1;
			remoteGlobalIDString = 76C8A1E6273FFDD50054A96E;
			remoteInfo = openglTest;
		};
/* End PBXContainerItemProxy section */

/* Begin PBXFileReference section */
		76C8A1E7273FFDD50054A96E /* openglTest.app */ = {isa = PBXFileReference; explicitFileType = wrapper.application; includeInIndex = 0; path = openglTest.app; sourceTree = BUILT_PRODUCTS_DIR; };
		76C8A1EA273FFDD50054A96E /* AppDelegate.h */ = {isa = PBXFileReference; lastKnownFileType = sourcecode.c.h; path = AppDelegate.h; sourceTree = "<group>"; };
		76C8A1EB273FFDD50054A96E /* AppDelegate.m */ = {isa = PBXFileReference; lastKnownFileType = sourcecode.c.objc; path = AppDelegate.m; sourceTree = "<group>"; };
		76C8A1ED273FFDD50054A96E /* ViewController.h */ = {isa = PBXFileReference; lastKnownFileType = sourcecode.c.h; path = ViewController.h; sourceTree = "<group>"; };
		76C8A1EE273FFDD50054A96E /* ViewController.m */ = {isa = PBXFileReference; lastKnownFileType = sourcecode.c.objc; path = ViewController.m; sourceTree = "<group>"; };
		76C8A1F0273FFDD70054A96E /* Assets.xcassets */ = {isa = PBXFileReference; lastKnownFileType = folder.assetcatalog; path = Assets.xcassets; sourceTree = "<group>"; };
		76C8A1F3273FFDD70054A96E /* Base */ = {isa = PBXFileReference; lastKnownFileType = file.storyboard; name = Base; path = Base.lproj/Main.storyboard; sourceTree = "<group>"; };
		76C8A1F5273FFDD70054A96E /* Info.plist */ = {isa = PBXFileReference; lastKnownFileType = text.plist.xml; path = Info.plist; sourceTree = "<group>"; };
		76C8A1F6273FFDD70054A96E /* main.m */ = {isa = PBXFileReference; lastKnownFileType = sourcecode.c.objc; path = main.m; sourceTree = "<group>"; };
		76C8A1F8273FFDD70054A96E /* openglTest.entitlements */ = {isa = PBXFileReference; lastKnownFileType = text.plist.entitlements; path = openglTest.entitlements; sourceTree = "<group>"; };
		76C8A1FD273FFDD70054A96E /* openglTestUITests.xctest */ = {isa = PBXFileReference; explicitFileType = wrapper.cfbundle; includeInIndex = 0; path = openglTestUITests.xctest; sourceTree = BUILT_PRODUCTS_DIR; };
		76C8A201273FFDD70054A96E /* openglTestUITests.m */ = {isa = PBXFileReference; lastKnownFileType = sourcecode.c.objc; path = openglTestUITests.m; sourceTree = "<group>"; };
		76C8A203273FFDD70054A96E /* Info.plist */ = {isa = PBXFileReference; lastKnownFileType = text.plist.xml; path = Info.plist; sourceTree = "<group>"; };
/* End PBXFileReference section */

/* Begin PBXFrameworksBuildPhase section */
		76C8A1E4273FFDD50054A96E /* Frameworks */ = {
			isa = PBXFrameworksBuildPhase;
			buildActionMask = 2147483647;
			files = (
			);
			runOnlyForDeploymentPostprocessing = 0;
		};
		76C8A1FA273FFDD70054A96E /* Frameworks */ = {
			isa = PBXFrameworksBuildPhase;
			buildActionMask = 2147483647;
			files = (
			);
			runOnlyForDeploymentPostprocessing = 0;
		};
/* End PBXFrameworksBuildPhase section */

/* Begin PBXGroup section */
		76C8A1DE273FFDD40054A96E = {
			isa = PBXGroup;
			children = (
				76C8A1E9273FFDD50054A96E /* openglTest */,
				76C8A200273FFDD70054A96E /* openglTestUITests */,
				76C8A1E8273FFDD50054A96E /* Products */,
			);
			sourceTree = "<group>";
		};
		76C8A1E8273FFDD50054A96E /* Products */ = {
			isa = PBXGroup;
			children = (
				76C8A1E7273FFDD50054A96E /* openglTest.app */,
				76C8A1FD273FFDD70054A96E /* openglTestUITests.xctest */,
			);
			name = Products;
			sourceTree = "<group>";
		};
		76C8A1E9273FFDD50054A96E /* openglTest */ = {
			isa = PBXGroup;
			children = (
				76C8A1EA273FFDD50054A96E /* AppDelegate.h */,
				76C8A1EB273FFDD50054A96E /* AppDelegate.m */,
				76C8A1ED273FFDD50054A96E /* ViewController.h */,
				76C8A1EE273FFDD50054A96E /* ViewController.m */,
				76C8A1F0273FFDD70054A96E /* Assets.xcassets */,
				76C8A1F2273FFDD70054A96E /* Main.storyboard */,
				76C8A1F5273FFDD70054A96E /* Info.plist */,
				76C8A1F6273FFDD70054A96E /* main.m */,
				76C8A1F8273FFDD70054A96E /* openglTest.entitlements */,
			);
			path = openglTest;
			sourceTree = "<group>";
		};
		76C8A200273FFDD70054A96E /* openglTestUITests */ = {
			isa = PBXGroup;
			children = (
				76C8A201273FFDD70054A96E /* openglTestUITests.m */,
				76C8A203273FFDD70054A96E /* Info.plist */,
			);
			path = openglTestUITests;
			sourceTree = "<group>";
		};
/* End PBXGroup section */

/* Begin PBXNativeTarget section */
		76C8A1E6273FFDD50054A96E /* openglTest */ = {
			isa = PBXNativeTarget;
			buildConfigurationList = 76C8A206273FFDD70054A96E /* Build configuration list for PBXNativeTarget "openglTest" */;
			buildPhases = (
				76C8A1E3273FFDD50054A96E /* Sources */,
				76C8A1E4273FFDD50054A96E /* Frameworks */,
				76C8A1E5273FFDD50054A96E /* Resources */,
			);
			buildRules = (
			);
			dependencies = (
			);
			name = openglTest;
			productName = openglTest;
			productReference = 76C8A1E7273FFDD50054A96E /* openglTest.app */;
			productType = "com.apple.product-type.application";
		};
		76C8A1FC273FFDD70054A96E /* openglTestUITests */ = {
			isa = PBXNativeTarget;
			buildConfigurationList = 76C8A209273FFDD70054A96E /* Build configuration list for PBXNativeTarget "openglTestUITests" */;
			buildPhases = (
				76C8A1F9273FFDD70054A96E /* Sources */,
				76C8A1FA273FFDD70054A96E /* Frameworks */,
				76C8A1FB273FFDD70054A96E /* Resources */,
			);
			buildRules = (
			);
			dependencies = (
				76C8A1FF273FFDD70054A96E /* PBXTargetDependency */,
			);
			name = openglTestUITests;
			productName = openglTestUITests;
			productReference = 76C8A1FD273FFDD70054A96E /* openglTestUITests.xctest */;
			productType = "com.apple.product-type.bundle.ui-testing";
		};
/* End PBXNativeTarget section */

/* Begin PBXProject section */
		76C8A1DF273FFDD40054A96E /* Project object */ = {
			isa = PBXProject;
			attributes = {
				LastUpgradeCheck = 1100;
				ORGANIZATIONNAME = Smile;
				TargetAttributes = {
					76C8A1E6273FFDD50054A96E = {
						CreatedOnToolsVersion = 11.0;
					};
					76C8A1FC273FFDD70054A96E = {
						CreatedOnToolsVersion = 11.0;
						TestTargetID = 76C8A1E6273FFDD50054A96E;
					};
				};
			};
			buildConfigurationList = 76C8A1E2273FFDD40054A96E /* Build configuration list for PBXProject "openglTest" */;
			compatibilityVersion = "Xcode 9.3";
			developmentRegion = en;
			hasScannedForEncodings = 0;
			knownRegions = (
				en,
				Base,
			);
			mainGroup = 76C8A1DE273FFDD40054A96E;
			productRefGroup = 76C8A1E8273FFDD50054A96E /* Products */;
			projectDirPath = "";
			projectRoot = "";
			targets = (
				76C8A1E6273FFDD50054A96E /* openglTest */,
				76C8A1FC273FFDD70054A96E /* openglTestUITests */,
			);
		};
/* End PBXProject section */

/* Begin PBXResourcesBuildPhase section */
		76C8A1E5273FFDD50054A96E /* Resources */ = {
			isa = PBXResourcesBuildPhase;
			buildActionMask = 2147483647;
			files = (
				76C8A1F1273FFDD70054A96E /* Assets.xcassets in Resources */,
				76C8A1F4273FFDD70054A96E /* Main.storyboard in Resources */,
			);
			runOnlyForDeploymentPostprocessing = 0;
		};
		76C8A1FB273FFDD70054A96E /* Resources */ = {
			isa = PBXResourcesBuildPhase;
			buildActionMask = 2147483647;
			files = (
			);
			runOnlyForDeploymentPostprocessing = 0;
		};
/* End PBXResourcesBuildPhase section */

/* Begin PBXSourcesBuildPhase section */
		76C8A1E3273FFDD50054A96E /* Sources */ = {
			isa = PBXSourcesBuildPhase;
			buildActionMask = 2147483647;
			files = (
				76C8A1EF273FFDD50054A96E /* ViewController.m in Sources */,
				76C8A1F7273FFDD70054A96E /* main.m in Sources */,
				76C8A1EC273FFDD50054A96E /* AppDelegate.m in Sources */,
			);
			runOnlyForDeploymentPostprocessing = 0;
		};
		76C8A1F9273FFDD70054A96E /* Sources */ = {
			isa = PBXSourcesBuildPhase;
			buildActionMask = 2147483647;
			files = (
				76C8A202273FFDD70054A96E /* openglTestUITests.m in Sources */,
			);
			runOnlyForDeploymentPostprocessing = 0;
		};
/* End PBXSourcesBuildPhase section */

/* Begin PBXTargetDependency section */
		76C8A1FF273FFDD70054A96E /* PBXTargetDependency */ = {
			isa = PBXTargetDependency;
			target = 76C8A1E6273FFDD50054A96E /* openglTest */;
			targetProxy = 76C8A1FE273FFDD70054A96E /* PBXContainerItemProxy */;
		};
/* End PBXTargetDependency section */

/* Begin PBXVariantGroup section */
		76C8A1F2273FFDD70054A96E /* Main.storyboard */ = {
			isa = PBXVariantGroup;
			children = (
				76C8A1F3273FFDD70054A96E /* Base */,
			);
			name = Main.storyboard;
			sourceTree = "<group>";
		};
/* End PBXVariantGroup section */

/* Begin XCBuildConfiguration section */
		76C8A204273FFDD70054A96E /* Debug */ = {
			isa = XCBuildConfiguration;
			buildSettings = {
				ALWAYS_SEARCH_USER_PATHS = NO;
				CLANG_ANALYZER_NONNULL = YES;
				CLANG_ANALYZER_NUMBER_OBJECT_CONVERSION = YES_AGGRESSIVE;
				CLANG_CXX_LANGUAGE_STANDARD = "gnu++14";
				CLANG_CXX_LIBRARY = "libc++";
				CLANG_ENABLE_MODULES = YES;
				CLANG_ENABLE_OBJC_ARC = YES;
				CLANG_ENABLE_OBJC_WEAK = YES;
				CLANG_WARN_BLOCK_CAPTURE_AUTORELEASING = YES;
				CLANG_WARN_BOOL_CONVERSION = YES;
				CLANG_WARN_COMMA = YES;
				CLANG_WARN_CONSTANT_CONVERSION = YES;
				CLANG_WARN_DEPRECATED_OBJC_IMPLEMENTATIONS = YES;
				CLANG_WARN_DIRECT_OBJC_ISA_USAGE = YES_ERROR;
				CLANG_WARN_DOCUMENTATION_COMMENTS = YES;
				CLANG_WARN_EMPTY_BODY = YES;
				CLANG_WARN_ENUM_CONVERSION = YES;
				CLANG_WARN_INFINITE_RECURSION = YES;
				CLANG_WARN_INT_CONVERSION = YES;
				CLANG_WARN_NON_LITERAL_NULL_CONVERSION = YES;
				CLANG_WARN_OBJC_IMPLICIT_RETAIN_SELF = YES;
				CLANG_WARN_OBJC_LITERAL_CONVERSION = YES;
				CLANG_WARN_OBJC_ROOT_CLASS = YES_ERROR;
				CLANG_WARN_RANGE_LOOP_ANALYSIS = YES;
				CLANG_WARN_STRICT_PROTOTYPES = YES;
				CLANG_WARN_SUSPICIOUS_MOVE = YES;
				CLANG_WARN_UNGUARDED_AVAILABILITY = YES_AGGRESSIVE;
				CLANG_WARN_UNREACHABLE_CODE = YES;
				CLANG_WARN__DUPLICATE_METHOD_MATCH = YES;
				COPY_PHASE_STRIP = NO;
				DEBUG_INFORMATION_FORMAT = dwarf;
				ENABLE_STRICT_OBJC_MSGSEND = YES;
				ENABLE_TESTABILITY = YES;
				GCC_C_LANGUAGE_STANDARD = gnu11;
				GCC_DYNAMIC_NO_PIC = NO;
				GCC_NO_COMMON_BLOCKS = YES;
				GCC_OPTIMIZATION_LEVEL = 0;
				GCC_PREPROCESSOR_DEFINITIONS = (
					"DEBUG=1",
					"$(inherited)",
				);
				GCC_WARN_64_TO_32_BIT_CONVERSION = YES;
				GCC_WARN_ABOUT_RETURN_TYPE = YES_ERROR;
				GCC_WARN_UNDECLARED_SELECTOR = YES;
				GCC_WARN_UNINITIALIZED_AUTOS = YES_AGGRESSIVE;
				GCC_WARN_UNUSED_FUNCTION = YES;
				GCC_WARN_UNUSED_VARIABLE = YES;
				MACOSX_DEPLOYMENT_TARGET = 10.15;
				MTL_ENABLE_DEBUG_INFO = INCLUDE_SOURCE;
				MTL_FAST_MATH = YES;
				ONLY_ACTIVE_ARCH = YES;
				SDKROOT = macosx;
			};
			name = Debug;
		};
		76C8A205273FFDD70054A96E /* Release */ = {
			isa = XCBuildConfiguration;
			buildSettings = {
				ALWAYS_SEARCH_USER_PATHS = NO;
				CLANG_ANALYZER_NONNULL = YES;
				CLANG_ANALYZER_NUMBER_OBJECT_CONVERSION = YES_AGGRESSIVE;
				CLANG_CXX_LANGUAGE_STANDARD = "gnu++14";
				CLANG_CXX_LIBRARY = "libc++";
				CLANG_ENABLE_MODULES = YES;
				CLANG_ENABLE_OBJC_ARC = YES;
				CLANG_ENABLE_OBJC_WEAK = YES;
				CLANG_WARN_BLOCK_CAPTURE_AUTORELEASING = YES;
				CLANG_WARN_BOOL_CONVERSION = YES;
				CLANG_WARN_COMMA = YES;
				CLANG_WARN_CONSTANT_CONVERSION = YES;
				CLANG_WARN_DEPRECATED_OBJC_IMPLEMENTATIONS = YES;
				CLANG_WARN_DIRECT_OBJC_ISA_USAGE = YES_ERROR;
				CLANG_WARN_DOCUMENTATION_COMMENTS = YES;
				CLANG_WARN_EMPTY_BODY = YES;
				CLANG_WARN_ENUM_CONVERSION = YES;
				CLANG_WARN_INFINITE_RECURSION = YES;
				CLANG_WARN_INT_CONVERSION = YES;
				CLANG_WARN_NON_LITERAL_NULL_CONVERSION = YES;
				CLANG_WARN_OBJC_IMPLICIT_RETAIN_SELF = YES;
				CLANG_WARN_OBJC_LITERAL_CONVERSION = YES;
				CLANG_WARN_OBJC_ROOT_CLASS = YES_ERROR;
				CLANG_WARN_RANGE_LOOP_ANALYSIS = YES;
				CLANG_WARN_STRICT_PROTOTYPES = YES;
				CLANG_WARN_SUSPICIOUS_MOVE = YES;
				CLANG_WARN_UNGUARDED_AVAILABILITY = YES_AGGRESSIVE;
				CLANG_WARN_UNREACHABLE_CODE = YES;
				CLANG_WARN__DUPLICATE_METHOD_MATCH = YES;
				COPY_PHASE_STRIP = NO;
				DEBUG_INFORMATION_FORMAT = "dwarf-with-dsym";
				ENABLE_NS_ASSERTIONS = NO;
				ENABLE_STRICT_OBJC_MSGSEND = YES;
				GCC_C_LANGUAGE_STANDARD = gnu11;
				GCC_NO_COMMON_BLOCKS = YES;
				GCC_WARN_64_TO_32_BIT_CONVERSION = YES;
				GCC_WARN_ABOUT_RETURN_TYPE = YES_ERROR;
				GCC_WARN_UNDECLARED_SELECTOR = YES;
				GCC_WARN_UNINITIALIZED_AUTOS = YES_AGGRESSIVE;
				GCC_WARN_UNUSED_FUNCTION = YES;
				GCC_WARN_UNUSED_VARIABLE = YES;
				MACOSX_DEPLOYMENT_TARGET = 10.15;
				MTL_ENABLE_DEBUG_INFO = NO;
				MTL_FAST_MATH = YES;
				SDKROOT = macosx;
			};
			name = Release;
		};
		76C8A207273FFDD70054A96E /* Debug */ = {
			isa = XCBuildConfiguration;
			buildSettings = {
				ASSETCATALOG_COMPILER_APPICON_NAME = AppIcon;
				CODE_SIGN_ENTITLEMENTS = openglTest/openglTest.entitlements;
				CODE_SIGN_STYLE = Automatic;
				COMBINE_HIDPI_IMAGES = YES;
				DEVELOPMENT_TEAM = Z63BVF4HJK;
				ENABLE_HARDENED_RUNTIME = YES;
				INFOPLIST_FILE = openglTest/Info.plist;
				LD_RUNPATH_SEARCH_PATHS = (
					"$(inherited)",
					"@executable_path/../Frameworks",
				);
				PRODUCT_BUNDLE_IDENTIFIER = com.laughting.openglTest;
				PRODUCT_NAME = "$(TARGET_NAME)";
			};
			name = Debug;
		};
		76C8A208273FFDD70054A96E /* Release */ = {
			isa = XCBuildConfiguration;
			buildSettings = {
				ASSETCATALOG_COMPILER_APPICON_NAME = AppIcon;
				CODE_SIGN_ENTITLEMENTS = openglTest/openglTest.entitlements;
				CODE_SIGN_STYLE = Automatic;
				COMBINE_HIDPI_IMAGES = YES;
				DEVELOPMENT_TEAM = Z63BVF4HJK;
				ENABLE_HARDENED_RUNTIME = YES;
				INFOPLIST_FILE = openglTest/Info.plist;
				LD_RUNPATH_SEARCH_PATHS = (
					"$(inherited)",
					"@executable_path/../Frameworks",
				);
				PRODUCT_BUNDLE_IDENTIFIER = com.laughting.openglTest;
				PRODUCT_NAME = "$(TARGET_NAME)";
			};
			name = Release;
		};
		76C8A20A273FFDD70054A96E /* Debug */ = {
			isa = XCBuildConfiguration;
			buildSettings = {
				CODE_SIGN_STYLE = Automatic;
				COMBINE_HIDPI_IMAGES = YES;
				DEVELOPMENT_TEAM = Z63BVF4HJK;
				INFOPLIST_FILE = openglTestUITests/Info.plist;
				LD_RUNPATH_SEARCH_PATHS = (
					"$(inherited)",
					"@executable_path/../Frameworks",
					"@loader_path/../Frameworks",
				);
				PRODUCT_BUNDLE_IDENTIFIER = com.laughting.openglTestUITests;
				PRODUCT_NAME = "$(TARGET_NAME)";
				TEST_TARGET_NAME = openglTest;
			};
			name = Debug;
		};
		76C8A20B273FFDD70054A96E /* Release */ = {
			isa = XCBuildConfiguration;
			buildSettings = {
				CODE_SIGN_STYLE = Automatic;
				COMBINE_HIDPI_IMAGES = YES;
				DEVELOPMENT_TEAM = Z63BVF4HJK;
				INFOPLIST_FILE = openglTestUITests/Info.plist;
				LD_RUNPATH_SEARCH_PATHS = (
					"$(inherited)",
					"@executable_path/../Frameworks",
					"@loader_path/../Frameworks",
				);
				PRODUCT_BUNDLE_IDENTIFIER = com.laughting.openglTestUITests;
				PRODUCT_NAME = "$(TARGET_NAME)";
				TEST_TARGET_NAME = openglTest;
			};
			name = Release;
		};
/* End XCBuildConfiguration section */

/* Begin XCConfigurationList section */
		76C8A1E2273FFDD40054A96E /* Build configuration list for PBXProject "openglTest" */ = {
			isa = XCConfigurationList;
			buildConfigurations = (
				76C8A204273FFDD70054A96E /* Debug */,
				76C8A205273FFDD70054A96E /* Release */,
			);
			defaultConfigurationIsVisible = 0;
			defaultConfigurationName = Release;
		};
		76C8A206273FFDD70054A96E /* Build configuration list for PBXNativeTarget "openglTest" */ = {
			isa = XCConfigurationList;
			buildConfigurations = (
				76C8A207273FFDD70054A96E /* Debug */,
				76C8A208273FFDD70054A96E /* Release */,
			);
			defaultConfigurationIsVisible = 0;
			defaultConfigurationName = Release;
		};
		76C8A209273FFDD70054A96E /* Build configuration list for PBXNativeTarget "openglTestUITests" */ = {
			isa = XCConfigurationList;
			buildConfigurations = (
				76C8A20A273FFDD70054A96E /* Debug */,
				76C8A20B273FFDD70054A96E /* Release */,
			);
			defaultConfigurationIsVisible = 0;
			defaultConfigurationName = Release;
		};
/* End XCConfigurationList section */
	};
	rootObject = 76C8A1DF273FFDD40054A96E /* Project object */;
}
